
Microsoft Visual Studio Solution File, Format Version 12.00
# Visual Studio Version 16
VisualStudioVersion = 16.0.31702.278
MinimumVisualStudioVersion = 10.0.40219.1
Project("{FAE04EC0-301F-11D3-BF4B-00C04F79EFBC}") = "YogiBearGame.Android", "YogiBearGame\YogiBearGame.Android\YogiBearGame.Android.csproj", "{702F0942-6D26-4D94-B3E8-B2E01CFD5D12}"
EndProject
Project("{9A19103F-16F7-4668-BE54-9A1E7A4F7556}") = "YogiBearGame", "YogiBearGame\YogiBearGame\YogiBearGame.csproj", "{0594A5E5-BC97-4291-A618-3EB48DF40DE7}"
EndProject
Project("{FAE04EC0-301F-11D3-BF4B-00C04F79EFBC}") = "YogiBearGameModelTest", "YogiBearGameModelTest\YogiBearGameModelTest.csproj", "{FD49BD67-FA55-44ED-8D53-3F7A1B710BDD}"
EndProject
Global
	GlobalSection(SolutionConfigurationPlatforms) = preSolution
		Debug|Any CPU = Debug|Any CPU
		Release|Any CPU = Release|Any CPU
	EndGlobalSection
	GlobalSection(ProjectConfigurationPlatforms) = postSolution
		{702F0942-6D26-4D94-B3E8-B2E01CFD5D12}.Debug|Any CPU.ActiveCfg = Debug|Any CPU
		{702F0942-6D26-4D94-B3E8-B2E01CFD5D12}.Debug|Any CPU.Build.0 = Debug|Any CPU
		{702F0942-6D26-4D94-B3E8-B2E01CFD5D12}.Debug|Any CPU.Deploy.0 = Debug|Any CPU
		{702F0942-6D26-4D94-B3E8-B2E01CFD5D12}.Release|Any CPU.ActiveCfg = Release|Any CPU
		{702F0942-6D26-4D94-B3E8-B2E01CFD5D12}.Release|Any CPU.Build.0 = Release|Any CPU
		{702F0942-6D26-4D94-B3E8-B2E01CFD5D12}.Release|Any CPU.Deploy.0 = Release|Any CPU
		{0594A5E5-BC97-4291-A618-3EB48DF40DE7}.Debug|Any CPU.ActiveCfg = Debug|Any CPU
		{0594A5E5-BC97-4291-A618-3EB48DF40DE7}.Debug|Any CPU.Build.0 = Debug|Any CPU
		{0594A5E5-BC97-4291-A618-3EB48DF40DE7}.Debug|Any CPU.Deploy.0 = Debug|Any CPU
		{0594A5E5-BC97-4291-A618-3EB48DF40DE7}.Release|Any CPU.ActiveCfg = Release|Any CPU
		{0594A5E5-BC97-4291-A618-3EB48DF40DE7}.Release|Any CPU.Build.0 = Release|Any CPU
		{0594A5E5-BC97-4291-A618-3EB48DF40DE7}.Release|Any CPU.Deploy.0 = Release|Any CPU
		{FD49BD67-FA55-44ED-8D53-3F7A1B710BDD}.Debug|Any CPU.ActiveCfg = Debug|Any CPU
		{FD49BD67-FA55-44ED-8D53-3F7A1B710BDD}.Debug|Any CPU.Build.0 = Debug|Any CPU
		{FD49BD67-FA55-44ED-8D53-3F7A1B710BDD}.Release|Any CPU.ActiveCfg = Release|Any CPU
		{FD49BD67-FA55-44ED-8D53-3F7A1B710BDD}.Release|Any CPU.Build.0 = Release|Any CPU
	EndGlobalSection
	GlobalSection(SolutionProperties) = preSolution
		HideSolutionNode = FALSE
	EndGlobalSection
	GlobalSection(ExtensibilityGlobals) = postSolution
		SolutionGuid = {60A6FD17-F7CF-4A8F-A541-1EF28AE427F8}
	EndGlobalSection
EndGlobal
